
Microsoft Visual Studio Solution File, Format Version 12.00
# Visual Studio Version 17
VisualStudioVersion = 17.0.32112.339
MinimumVisualStudioVersion = 10.0.40219.1
Project("{FAE04EC0-301F-11D3-BF4B-00C04F79EFBC}") = "VehicleRental", "VehicleRental\VehicleRental.csproj", "{28AD6AD5-6D34-452D-B007-BBDF79223CC4}"
EndProject
Global
	GlobalSection(SolutionConfigurationPlatforms) = preSolution
		Debug|Any CPU = Debug|Any CPU
		Release|Any CPU = Release|Any CPU
	EndGlobalSection
	GlobalSection(ProjectConfigurationPlatforms) = postSolution
		{28AD6AD5-6D34-452D-B007-BBDF79223CC4}.Debug|Any CPU.ActiveCfg = Debug|Any CPU
		{28AD6AD5-6D34-452D-B007-BBDF79223CC4}.Debug|Any CPU.Build.0 = Debug|Any CPU
		{28AD6AD5-6D34-452D-B007-BBDF79223CC4}.Release|Any CPU.ActiveCfg = Release|Any CPU
		{28AD6AD5-6D34-452D-B007-BBDF79223CC4}.Release|Any CPU.Build.0 = Release|Any CPU
	EndGlobalSection
	GlobalSection(SolutionProperties) = preSolution
		HideSolutionNode = FALSE
	EndGlobalSection
	GlobalSection(ExtensibilityGlobals) = postSolution
		SolutionGuid = {3C8A9BEF-19C2-40F2-9FB9-D45E3798991D}
	EndGlobalSection
EndGlobal
